// !$*UTF8*$!
{
	archiveVersion = 1;
	classes = {
	};
	objectVersion = 46;
	objects = {

/* Begin PBXBuildFile section */
		6B028C351E93ED1C00BBDD60 /* ItemCell.swift in Sources */ = {isa = PBXBuildFile; fileRef = 6B028C341E93ED1C00BBDD60 /* ItemCell.swift */; };
		6B679DC51E92E6C4006B2AC7 /* AppDelegate.swift in Sources */ = {isa = PBXBuildFile; fileRef = 6B679DC41E92E6C4006B2AC7 /* AppDelegate.swift */; };
		6B679DC71E92E6C4006B2AC7 /* MainVC.swift in Sources */ = {isa = PBXBuildFile; fileRef = 6B679DC61E92E6C4006B2AC7 /* MainVC.swift */; };
		6B679DCA1E92E6C4006B2AC7 /* Main.storyboard in Resources */ = {isa = PBXBuildFile; fileRef = 6B679DC81E92E6C4006B2AC7 /* Main.storyboard */; };
		6B679DCF1E92E6C4006B2AC7 /* Assets.xcassets in Resources */ = {isa = PBXBuildFile; fileRef = 6B679DCE1E92E6C4006B2AC7 /* Assets.xcassets */; };
		6B679DD21E92E6C4006B2AC7 /* LaunchScreen.storyboard in Resources */ = {isa = PBXBuildFile; fileRef = 6B679DD01E92E6C4006B2AC7 /* LaunchScreen.storyboard */; };
		6B679DED1E93E019006B2AC7 /* DreamLister.xcdatamodeld in Sources */ = {isa = PBXBuildFile; fileRef = 6B679DEB1E93E019006B2AC7 /* DreamLister.xcdatamodeld */; };
		6B679DF61E93E214006B2AC7 /* Store+CoreDataClass.swift in Sources */ = {isa = PBXBuildFile; fileRef = 6B679DEE1E93E214006B2AC7 /* Store+CoreDataClass.swift */; };
		6B679DF71E93E214006B2AC7 /* Store+CoreDataProperties.swift in Sources */ = {isa = PBXBuildFile; fileRef = 6B679DEF1E93E214006B2AC7 /* Store+CoreDataProperties.swift */; };
		6B679DF81E93E214006B2AC7 /* Image+CoreDataClass.swift in Sources */ = {isa = PBXBuildFile; fileRef = 6B679DF01E93E214006B2AC7 /* Image+CoreDataClass.swift */; };
		6B679DF91E93E214006B2AC7 /* Image+CoreDataProperties.swift in Sources */ = {isa = PBXBuildFile; fileRef = 6B679DF11E93E214006B2AC7 /* Image+CoreDataProperties.swift */; };
		6B679DFA1E93E214006B2AC7 /* Item+CoreDataClass.swift in Sources */ = {isa = PBXBuildFile; fileRef = 6B679DF21E93E214006B2AC7 /* Item+CoreDataClass.swift */; };
		6B679DFB1E93E214006B2AC7 /* Item+CoreDataProperties.swift in Sources */ = {isa = PBXBuildFile; fileRef = 6B679DF31E93E214006B2AC7 /* Item+CoreDataProperties.swift */; };
		6B679DFC1E93E214006B2AC7 /* ItemType+CoreDataClass.swift in Sources */ = {isa = PBXBuildFile; fileRef = 6B679DF41E93E214006B2AC7 /* ItemType+CoreDataClass.swift */; };
		6B679DFD1E93E214006B2AC7 /* ItemType+CoreDataProperties.swift in Sources */ = {isa = PBXBuildFile; fileRef = 6B679DF51E93E214006B2AC7 /* ItemType+CoreDataProperties.swift */; };
		6B679E021E93EB2C006B2AC7 /* MaterialView.swift in Sources */ = {isa = PBXBuildFile; fileRef = 6B679E011E93EB2C006B2AC7 /* MaterialView.swift */; };
		6B6D6D061E940EA700DB9F8A /* ItemDetailsVC.swift in Sources */ = {isa = PBXBuildFile; fileRef = 6B6D6D051E940EA700DB9F8A /* ItemDetailsVC.swift */; };
/* End PBXBuildFile section */

/* Begin PBXFileReference section */
		6B028C341E93ED1C00BBDD60 /* ItemCell.swift */ = {isa = PBXFileReference; fileEncoding = 4; lastKnownFileType = sourcecode.swift; path = ItemCell.swift; sourceTree = "<group>"; };
		6B679DC11E92E6C4006B2AC7 /* DreamLister.app */ = {isa = PBXFileReference; explicitFileType = wrapper.application; includeInIndex = 0; path = DreamLister.app; sourceTree = BUILT_PRODUCTS_DIR; };
		6B679DC41E92E6C4006B2AC7 /* AppDelegate.swift */ = {isa = PBXFileReference; lastKnownFileType = sourcecode.swift; path = AppDelegate.swift; sourceTree = "<group>"; };
		6B679DC61E92E6C4006B2AC7 /* MainVC.swift */ = {isa = PBXFileReference; lastKnownFileType = sourcecode.swift; path = MainVC.swift; sourceTree = "<group>"; };
		6B679DC91E92E6C4006B2AC7 /* Base */ = {isa = PBXFileReference; lastKnownFileType = file.storyboard; name = Base; path = Base.lproj/Main.storyboard; sourceTree = "<group>"; };
		6B679DCE1E92E6C4006B2AC7 /* Assets.xcassets */ = {isa = PBXFileReference; lastKnownFileType = folder.assetcatalog; path = Assets.xcassets; sourceTree = "<group>"; };
		6B679DD11E92E6C4006B2AC7 /* Base */ = {isa = PBXFileReference; lastKnownFileType = file.storyboard; name = Base; path = Base.lproj/LaunchScreen.storyboard; sourceTree = "<group>"; };
		6B679DD31E92E6C4006B2AC7 /* Info.plist */ = {isa = PBXFileReference; lastKnownFileType = text.plist.xml; path = Info.plist; sourceTree = "<group>"; };
		6B679DEC1E93E019006B2AC7 /* DreamLister.xcdatamodel */ = {isa = PBXFileReference; lastKnownFileType = wrapper.xcdatamodel; path = DreamLister.xcdatamodel; sourceTree = "<group>"; };
		6B679DEE1E93E214006B2AC7 /* Store+CoreDataClass.swift */ = {isa = PBXFileReference; fileEncoding = 4; lastKnownFileType = sourcecode.swift; path = "Store+CoreDataClass.swift"; sourceTree = "<group>"; };
		6B679DEF1E93E214006B2AC7 /* Store+CoreDataProperties.swift */ = {isa = PBXFileReference; fileEncoding = 4; lastKnownFileType = sourcecode.swift; path = "Store+CoreDataProperties.swift"; sourceTree = "<group>"; };
		6B679DF01E93E214006B2AC7 /* Image+CoreDataClass.swift */ = {isa = PBXFileReference; fileEncoding = 4; lastKnownFileType = sourcecode.swift; path = "Image+CoreDataClass.swift"; sourceTree = "<group>"; };
		6B679DF11E93E214006B2AC7 /* Image+CoreDataProperties.swift */ = {isa = PBXFileReference; fileEncoding = 4; lastKnownFileType = sourcecode.swift; path = "Image+CoreDataProperties.swift"; sourceTree = "<group>"; };
		6B679DF21E93E214006B2AC7 /* Item+CoreDataClass.swift */ = {isa = PBXFileReference; fileEncoding = 4; lastKnownFileType = sourcecode.swift; path = "Item+CoreDataClass.swift"; sourceTree = "<group>"; };
		6B679DF31E93E214006B2AC7 /* Item+CoreDataProperties.swift */ = {isa = PBXFileReference; fileEncoding = 4; lastKnownFileType = sourcecode.swift; path = "Item+CoreDataProperties.swift"; sourceTree = "<group>"; };
		6B679DF41E93E214006B2AC7 /* ItemType+CoreDataClass.swift */ = {isa = PBXFileReference; fileEncoding = 4; lastKnownFileType = sourcecode.swift; path = "ItemType+CoreDataClass.swift"; sourceTree = "<group>"; };
		6B679DF51E93E214006B2AC7 /* ItemType+CoreDataProperties.swift */ = {isa = PBXFileReference; fileEncoding = 4; lastKnownFileType = sourcecode.swift; path = "ItemType+CoreDataProperties.swift"; sourceTree = "<group>"; };
		6B679E011E93EB2C006B2AC7 /* MaterialView.swift */ = {isa = PBXFileReference; fileEncoding = 4; lastKnownFileType = sourcecode.swift; path = MaterialView.swift; sourceTree = "<group>"; };
		6B6D6D051E940EA700DB9F8A /* ItemDetailsVC.swift */ = {isa = PBXFileReference; fileEncoding = 4; lastKnownFileType = sourcecode.swift; path = ItemDetailsVC.swift; sourceTree = "<group>"; };
/* End PBXFileReference section */

/* Begin PBXFrameworksBuildPhase section */
		6B679DBE1E92E6C4006B2AC7 /* Frameworks */ = {
			isa = PBXFrameworksBuildPhase;
			buildActionMask = 2147483647;
			files = (
			);
			runOnlyForDeploymentPostprocessing = 0;
		};
/* End PBXFrameworksBuildPhase section */

/* Begin PBXGroup section */
		6B679DB81E92E6C4006B2AC7 = {
			isa = PBXGroup;
			children = (
				6B679DC31E92E6C4006B2AC7 /* DreamLister */,
				6B679DC21E92E6C4006B2AC7 /* Products */,
			);
			sourceTree = "<group>";
		};
		6B679DC21E92E6C4006B2AC7 /* Products */ = {
			isa = PBXGroup;
			children = (
				6B679DC11E92E6C4006B2AC7 /* DreamLister.app */,
			);
			name = Products;
			sourceTree = "<group>";
		};
		6B679DC31E92E6C4006B2AC7 /* DreamLister */ = {
			isa = PBXGroup;
			children = (
				6B679E001E93EB1A006B2AC7 /* Controller */,
				6B679DFF1E93EB13006B2AC7 /* Views */,
				6B679DE91E93DEB4006B2AC7 /* Model */,
				6B679DC41E92E6C4006B2AC7 /* AppDelegate.swift */,
				6B679DC81E92E6C4006B2AC7 /* Main.storyboard */,
				6B679DCE1E92E6C4006B2AC7 /* Assets.xcassets */,
				6B679DD01E92E6C4006B2AC7 /* LaunchScreen.storyboard */,
				6B679DD31E92E6C4006B2AC7 /* Info.plist */,
				6B679DEB1E93E019006B2AC7 /* DreamLister.xcdatamodeld */,
			);
			path = DreamLister;
			sourceTree = "<group>";
		};
		6B679DE91E93DEB4006B2AC7 /* Model */ = {
			isa = PBXGroup;
			children = (
				6B679DEE1E93E214006B2AC7 /* Store+CoreDataClass.swift */,
				6B679DF01E93E214006B2AC7 /* Image+CoreDataClass.swift */,
				6B679DF21E93E214006B2AC7 /* Item+CoreDataClass.swift */,
				6B679DF41E93E214006B2AC7 /* ItemType+CoreDataClass.swift */,
				6B679DFE1E93E219006B2AC7 /* Generated */,
			);
			name = Model;
			sourceTree = "<group>";
		};
		6B679DFE1E93E219006B2AC7 /* Generated */ = {
			isa = PBXGroup;
			children = (
				6B679DEF1E93E214006B2AC7 /* Store+CoreDataProperties.swift */,
				6B679DF11E93E214006B2AC7 /* Image+CoreDataProperties.swift */,
				6B679DF31E93E214006B2AC7 /* Item+CoreDataProperties.swift */,
				6B679DF51E93E214006B2AC7 /* ItemType+CoreDataProperties.swift */,
			);
			name = Generated;
			sourceTree = "<group>";
		};
		6B679DFF1E93EB13006B2AC7 /* Views */ = {
			isa = PBXGroup;
			children = (
				6B679E011E93EB2C006B2AC7 /* MaterialView.swift */,
				6B028C341E93ED1C00BBDD60 /* ItemCell.swift */,
			);
			name = Views;
			sourceTree = "<group>";
		};
		6B679E001E93EB1A006B2AC7 /* Controller */ = {
			isa = PBXGroup;
			children = (
				6B679DC61E92E6C4006B2AC7 /* MainVC.swift */,
				6B6D6D051E940EA700DB9F8A /* ItemDetailsVC.swift */,
			);
			name = Controller;
			sourceTree = "<group>";
		};
/* End PBXGroup section */

/* Begin PBXNativeTarget section */
		6B679DC01E92E6C4006B2AC7 /* DreamLister */ = {
			isa = PBXNativeTarget;
			buildConfigurationList = 6B679DD61E92E6C4006B2AC7 /* Build configuration list for PBXNativeTarget "DreamLister" */;
			buildPhases = (
				6B679DBD1E92E6C4006B2AC7 /* Sources */,
				6B679DBE1E92E6C4006B2AC7 /* Frameworks */,
				6B679DBF1E92E6C4006B2AC7 /* Resources */,
			);
			buildRules = (
			);
			dependencies = (
			);
			name = DreamLister;
			productName = DreamLister;
			productReference = 6B679DC11E92E6C4006B2AC7 /* DreamLister.app */;
			productType = "com.apple.product-type.application";
		};
/* End PBXNativeTarget section */

/* Begin PBXProject section */
		6B679DB91E92E6C4006B2AC7 /* Project object */ = {
			isa = PBXProject;
			attributes = {
				LastSwiftUpdateCheck = 0830;
				LastUpgradeCheck = 0830;
				ORGANIZATIONNAME = com.bhagat_singh;
				TargetAttributes = {
					6B679DC01E92E6C4006B2AC7 = {
						CreatedOnToolsVersion = 8.3;
						DevelopmentTeam = VG36S3M9UZ;
						ProvisioningStyle = Automatic;
					};
				};
			};
			buildConfigurationList = 6B679DBC1E92E6C4006B2AC7 /* Build configuration list for PBXProject "DreamLister" */;
			compatibilityVersion = "Xcode 3.2";
			developmentRegion = English;
			hasScannedForEncodings = 0;
			knownRegions = (
				en,
				Base,
			);
			mainGroup = 6B679DB81E92E6C4006B2AC7;
			productRefGroup = 6B679DC21E92E6C4006B2AC7 /* Products */;
			projectDirPath = "";
			projectRoot = "";
			targets = (
				6B679DC01E92E6C4006B2AC7 /* DreamLister */,
			);
		};
/* End PBXProject section */

/* Begin PBXResourcesBuildPhase section */
		6B679DBF1E92E6C4006B2AC7 /* Resources */ = {
			isa = PBXResourcesBuildPhase;
			buildActionMask = 2147483647;
			files = (
				6B679DD21E92E6C4006B2AC7 /* LaunchScreen.storyboard in Resources */,
				6B679DCF1E92E6C4006B2AC7 /* Assets.xcassets in Resources */,
				6B679DCA1E92E6C4006B2AC7 /* Main.storyboard in Resources */,
			);
			runOnlyForDeploymentPostprocessing = 0;
		};
/* End PBXResourcesBuildPhase section */

/* Begin PBXSourcesBuildPhase section */
		6B679DBD1E92E6C4006B2AC7 /* Sources */ = {
			isa = PBXSourcesBuildPhase;
			buildActionMask = 2147483647;
			files = (
				6B028C351E93ED1C00BBDD60 /* ItemCell.swift in Sources */,
				6B679DF71E93E214006B2AC7 /* Store+CoreDataProperties.swift in Sources */,
				6B679DC71E92E6C4006B2AC7 /* MainVC.swift in Sources */,
				6B679DFC1E93E214006B2AC7 /* ItemType+CoreDataClass.swift in Sources */,
				6B679E021E93EB2C006B2AC7 /* MaterialView.swift in Sources */,
				6B679DF61E93E214006B2AC7 /* Store+CoreDataClass.swift in Sources */,
				6B679DF81E93E214006B2AC7 /* Image+CoreDataClass.swift in Sources */,
				6B679DC51E92E6C4006B2AC7 /* AppDelegate.swift in Sources */,
				6B6D6D061E940EA700DB9F8A /* ItemDetailsVC.swift in Sources */,
				6B679DED1E93E019006B2AC7 /* DreamLister.xcdatamodeld in Sources */,
				6B679DFD1E93E214006B2AC7 /* ItemType+CoreDataProperties.swift in Sources */,
				6B679DFB1E93E214006B2AC7 /* Item+CoreDataProperties.swift in Sources */,
				6B679DFA1E93E214006B2AC7 /* Item+CoreDataClass.swift in Sources */,
				6B679DF91E93E214006B2AC7 /* Image+CoreDataProperties.swift in Sources */,
			);
			runOnlyForDeploymentPostprocessing = 0;
		};
/* End PBXSourcesBuildPhase section */

/* Begin PBXVariantGroup section */
		6B679DC81E92E6C4006B2AC7 /* Main.storyboard */ = {
			isa = PBXVariantGroup;
			children = (
				6B679DC91E92E6C4006B2AC7 /* Base */,
			);
			name = Main.storyboard;
			sourceTree = "<group>";
		};
		6B679DD01E92E6C4006B2AC7 /* LaunchScreen.storyboard */ = {
			isa = PBXVariantGroup;
			children = (
				6B679DD11E92E6C4006B2AC7 /* Base */,
			);
			name = LaunchScreen.storyboard;
			sourceTree = "<group>";
		};
/* End PBXVariantGroup section */

/* Begin XCBuildConfiguration section */
		6B679DD41E92E6C4006B2AC7 /* Debug */ = {
			isa = XCBuildConfiguration;
			buildSettings = {
				ALWAYS_SEARCH_USER_PATHS = NO;
				CLANG_ANALYZER_NONNULL = YES;
				CLANG_ANALYZER_NUMBER_OBJECT_CONVERSION = YES_AGGRESSIVE;
				CLANG_CXX_LANGUAGE_STANDARD = "gnu++0x";
				CLANG_CXX_LIBRARY = "libc++";
				CLANG_ENABLE_MODULES = YES;
				CLANG_ENABLE_OBJC_ARC = YES;
				CLANG_WARN_BOOL_CONVERSION = YES;
				CLANG_WARN_CONSTANT_CONVERSION = YES;
				CLANG_WARN_DIRECT_OBJC_ISA_USAGE = YES_ERROR;
				CLANG_WARN_DOCUMENTATION_COMMENTS = YES;
				CLANG_WARN_EMPTY_BODY = YES;
				CLANG_WARN_ENUM_CONVERSION = YES;
				CLANG_WARN_INFINITE_RECURSION = YES;
				CLANG_WARN_INT_CONVERSION = YES;
				CLANG_WARN_OBJC_ROOT_CLASS = YES_ERROR;
				CLANG_WARN_SUSPICIOUS_MOVE = YES;
				CLANG_WARN_UNREACHABLE_CODE = YES;
				CLANG_WARN__DUPLICATE_METHOD_MATCH = YES;
				"CODE_SIGN_IDENTITY[sdk=iphoneos*]" = "iPhone Developer";
				COPY_PHASE_STRIP = NO;
				DEBUG_INFORMATION_FORMAT = dwarf;
				ENABLE_STRICT_OBJC_MSGSEND = YES;
				ENABLE_TESTABILITY = YES;
				GCC_C_LANGUAGE_STANDARD = gnu99;
				GCC_DYNAMIC_NO_PIC = NO;
				GCC_NO_COMMON_BLOCKS = YES;
				GCC_OPTIMIZATION_LEVEL = 0;
				GCC_PREPROCESSOR_DEFINITIONS = (
					"DEBUG=1",
					"$(inherited)",
				);
				GCC_WARN_64_TO_32_BIT_CONVERSION = YES;
				GCC_WARN_ABOUT_RETURN_TYPE = YES_ERROR;
				GCC_WARN_UNDECLARED_SELECTOR = YES;
				GCC_WARN_UNINITIALIZED_AUTOS = YES_AGGRESSIVE;
				GCC_WARN_UNUSED_FUNCTION = YES;
				GCC_WARN_UNUSED_VARIABLE = YES;
				IPHONEOS_DEPLOYMENT_TARGET = 10.3;
				MTL_ENABLE_DEBUG_INFO = YES;
				ONLY_ACTIVE_ARCH = YES;
				SDKROOT = iphoneos;
				SWIFT_ACTIVE_COMPILATION_CONDITIONS = DEBUG;
				SWIFT_OPTIMIZATION_LEVEL = "-Onone";
			};
			name = Debug;
		};
		6B679DD51E92E6C4006B2AC7 /* Release */ = {
			isa = XCBuildConfiguration;
			buildSettings = {
				ALWAYS_SEARCH_USER_PATHS = NO;
				CLANG_ANALYZER_NONNULL = YES;
				CLANG_ANALYZER_NUMBER_OBJECT_CONVERSION = YES_AGGRESSIVE;
				CLANG_CXX_LANGUAGE_STANDARD = "gnu++0x";
				CLANG_CXX_LIBRARY = "libc++";
				CLANG_ENABLE_MODULES = YES;
				CLANG_ENABLE_OBJC_ARC = YES;
				CLANG_WARN_BOOL_CONVERSION = YES;
				CLANG_WARN_CONSTANT_CONVERSION = YES;
				CLANG_WARN_DIRECT_OBJC_ISA_USAGE = YES_ERROR;
				CLANG_WARN_DOCUMENTATION_COMMENTS = YES;
				CLANG_WARN_EMPTY_BODY = YES;
				CLANG_WARN_ENUM_CONVERSION = YES;
				CLANG_WARN_INFINITE_RECURSION = YES;
				CLANG_WARN_INT_CONVERSION = YES;
				CLANG_WARN_OBJC_ROOT_CLASS = YES_ERROR;
				CLANG_WARN_SUSPICIOUS_MOVE = YES;
				CLANG_WARN_UNREACHABLE_CODE = YES;
				CLANG_WARN__DUPLICATE_METHOD_MATCH = YES;
				"CODE_SIGN_IDENTITY[sdk=iphoneos*]" = "iPhone Developer";
				COPY_PHASE_STRIP = NO;
				DEBUG_INFORMATION_FORMAT = "dwarf-with-dsym";
				ENABLE_NS_ASSERTIONS = NO;
				ENABLE_STRICT_OBJC_MSGSEND = YES;
				GCC_C_LANGUAGE_STANDARD = gnu99;
				GCC_NO_COMMON_BLOCKS = YES;
				GCC_WARN_64_TO_32_BIT_CONVERSION = YES;
				GCC_WARN_ABOUT_RETURN_TYPE = YES_ERROR;
				GCC_WARN_UNDECLARED_SELECTOR = YES;
				GCC_WARN_UNINITIALIZED_AUTOS = YES_AGGRESSIVE;
				GCC_WARN_UNUSED_FUNCTION = YES;
				GCC_WARN_UNUSED_VARIABLE = YES;
				IPHONEOS_DEPLOYMENT_TARGET = 10.3;
				MTL_ENABLE_DEBUG_INFO = NO;
				SDKROOT = iphoneos;
				SWIFT_OPTIMIZATION_LEVEL = "-Onone";
				VALIDATE_PRODUCT = YES;
			};
			name = Release;
		};
		6B679DD71E92E6C4006B2AC7 /* Debug */ = {
			isa = XCBuildConfiguration;
			buildSettings = {
				ASSETCATALOG_COMPILER_APPICON_NAME = AppIcon;
				DEVELOPMENT_TEAM = VG36S3M9UZ;
				INFOPLIST_FILE = DreamLister/Info.plist;
				LD_RUNPATH_SEARCH_PATHS = "$(inherited) @executable_path/Frameworks";
				PRODUCT_BUNDLE_IDENTIFIER = "com.bhagat-singh.DreamLister";
				PRODUCT_NAME = "$(TARGET_NAME)";
				SWIFT_VERSION = 3.0;
			};
			name = Debug;
		};
		6B679DD81E92E6C4006B2AC7 /* Release */ = {
			isa = XCBuildConfiguration;
			buildSettings = {
				ASSETCATALOG_COMPILER_APPICON_NAME = AppIcon;
				DEVELOPMENT_TEAM = VG36S3M9UZ;
				INFOPLIST_FILE = DreamLister/Info.plist;
				LD_RUNPATH_SEARCH_PATHS = "$(inherited) @executable_path/Frameworks";
				PRODUCT_BUNDLE_IDENTIFIER = "com.bhagat-singh.DreamLister";
				PRODUCT_NAME = "$(TARGET_NAME)";
				SWIFT_VERSION = 3.0;
			};
			name = Release;
		};
/* End XCBuildConfiguration section */

/* Begin XCConfigurationList section */
		6B679DBC1E92E6C4006B2AC7 /* Build configuration list for PBXProject "DreamLister" */ = {
			isa = XCConfigurationList;
			buildConfigurations = (
				6B679DD41E92E6C4006B2AC7 /* Debug */,
				6B679DD51E92E6C4006B2AC7 /* Release */,
			);
			defaultConfigurationIsVisible = 0;
			defaultConfigurationName = Release;
		};
		6B679DD61E92E6C4006B2AC7 /* Build configuration list for PBXNativeTarget "DreamLister" */ = {
			isa = XCConfigurationList;
			buildConfigurations = (
				6B679DD71E92E6C4006B2AC7 /* Debug */,
				6B679DD81E92E6C4006B2AC7 /* Release */,
			);
			defaultConfigurationIsVisible = 0;
			defaultConfigurationName = Release;
		};
/* End XCConfigurationList section */

/* Begin XCVersionGroup section */
		6B679DEB1E93E019006B2AC7 /* DreamLister.xcdatamodeld */ = {
			isa = XCVersionGroup;
			children = (
				6B679DEC1E93E019006B2AC7 /* DreamLister.xcdatamodel */,
			);
			currentVersion = 6B679DEC1E93E019006B2AC7 /* DreamLister.xcdatamodel */;
			path = DreamLister.xcdatamodeld;
			sourceTree = "<group>";
			versionGroupType = wrapper.xcdatamodel;
		};
/* End XCVersionGroup section */
	};
	rootObject = 6B679DB91E92E6C4006B2AC7 /* Project object */;
}
